// !$*UTF8*$!
{
	archiveVersion = 1;
	classes = {
	};
	objectVersion = 50;
	objects = {

/* Begin PBXBuildFile section */
		EFB955B42259ED9200BD74C0 /* AppDelegate.swift in Sources */ = {isa = PBXBuildFile; fileRef = EFB955B32259ED9200BD74C0 /* AppDelegate.swift */; };
		EFB955B92259ED9200BD74C0 /* Main.storyboard in Resources */ = {isa = PBXBuildFile; fileRef = EFB955B72259ED9200BD74C0 /* Main.storyboard */; };
		EFB955BB2259ED9300BD74C0 /* Assets.xcassets in Resources */ = {isa = PBXBuildFile; fileRef = EFB955BA2259ED9300BD74C0 /* Assets.xcassets */; };
		EFB955BE2259ED9300BD74C0 /* LaunchScreen.storyboard in Resources */ = {isa = PBXBuildFile; fileRef = EFB955BC2259ED9300BD74C0 /* LaunchScreen.storyboard */; };
		EFB955C92259ED9300BD74C0 /* ColorsTests.swift in Sources */ = {isa = PBXBuildFile; fileRef = EFB955C82259ED9300BD74C0 /* ColorsTests.swift */; };
		EFB955D42259ED9300BD74C0 /* ColorsUITests.swift in Sources */ = {isa = PBXBuildFile; fileRef = EFB955D32259ED9300BD74C0 /* ColorsUITests.swift */; };
		EFB955E22259EE3E00BD74C0 /* ColorsViewController.swift in Sources */ = {isa = PBXBuildFile; fileRef = EFB955E12259EE3E00BD74C0 /* ColorsViewController.swift */; };
/* End PBXBuildFile section */

/* Begin PBXContainerItemProxy section */
		EFB955C52259ED9300BD74C0 /* PBXContainerItemProxy */ = {
			isa = PBXContainerItemProxy;
			containerPortal = EFB955A82259ED9200BD74C0 /* Project object */;
			proxyType = 1;
			remoteGlobalIDString = EFB955AF2259ED9200BD74C0;
			remoteInfo = Colors;
		};
		EFB955D02259ED9300BD74C0 /* PBXContainerItemProxy */ = {
			isa = PBXContainerItemProxy;
			containerPortal = EFB955A82259ED9200BD74C0 /* Project object */;
			proxyType = 1;
			remoteGlobalIDString = EFB955AF2259ED9200BD74C0;
			remoteInfo = Colors;
		};
/* End PBXContainerItemProxy section */

/* Begin PBXFileReference section */
		EFB955B02259ED9200BD74C0 /* Colors.app */ = {isa = PBXFileReference; explicitFileType = wrapper.application; includeInIndex = 0; path = Colors.app; sourceTree = BUILT_PRODUCTS_DIR; };
		EFB955B32259ED9200BD74C0 /* AppDelegate.swift */ = {isa = PBXFileReference; lastKnownFileType = sourcecode.swift; path = AppDelegate.swift; sourceTree = "<group>"; };
		EFB955B82259ED9200BD74C0 /* Base */ = {isa = PBXFileReference; lastKnownFileType = file.storyboard; name = Base; path = Base.lproj/Main.storyboard; sourceTree = "<group>"; };
		EFB955BA2259ED9300BD74C0 /* Assets.xcassets */ = {isa = PBXFileReference; lastKnownFileType = folder.assetcatalog; path = Assets.xcassets; sourceTree = "<group>"; };
		EFB955BD2259ED9300BD74C0 /* Base */ = {isa = PBXFileReference; lastKnownFileType = file.storyboard; name = Base; path = Base.lproj/LaunchScreen.storyboard; sourceTree = "<group>"; };
		EFB955BF2259ED9300BD74C0 /* Info.plist */ = {isa = PBXFileReference; lastKnownFileType = text.plist.xml; path = Info.plist; sourceTree = "<group>"; };
		EFB955C42259ED9300BD74C0 /* ColorsTests.xctest */ = {isa = PBXFileReference; explicitFileType = wrapper.cfbundle; includeInIndex = 0; path = ColorsTests.xctest; sourceTree = BUILT_PRODUCTS_DIR; };
		EFB955C82259ED9300BD74C0 /* ColorsTests.swift */ = {isa = PBXFileReference; lastKnownFileType = sourcecode.swift; path = ColorsTests.swift; sourceTree = "<group>"; };
		EFB955CA2259ED9300BD74C0 /* Info.plist */ = {isa = PBXFileReference; lastKnownFileType = text.plist.xml; path = Info.plist; sourceTree = "<group>"; };
		EFB955CF2259ED9300BD74C0 /* ColorsUITests.xctest */ = {isa = PBXFileReference; explicitFileType = wrapper.cfbundle; includeInIndex = 0; path = ColorsUITests.xctest; sourceTree = BUILT_PRODUCTS_DIR; };
		EFB955D32259ED9300BD74C0 /* ColorsUITests.swift */ = {isa = PBXFileReference; lastKnownFileType = sourcecode.swift; path = ColorsUITests.swift; sourceTree = "<group>"; };
		EFB955D52259ED9300BD74C0 /* Info.plist */ = {isa = PBXFileReference; lastKnownFileType = text.plist.xml; path = Info.plist; sourceTree = "<group>"; };
		EFB955E12259EE3E00BD74C0 /* ColorsViewController.swift */ = {isa = PBXFileReference; lastKnownFileType = sourcecode.swift; path = ColorsViewController.swift; sourceTree = "<group>"; };
/* End PBXFileReference section */

/* Begin PBXFrameworksBuildPhase section */
		EFB955AD2259ED9200BD74C0 /* Frameworks */ = {
			isa = PBXFrameworksBuildPhase;
			buildActionMask = 2147483647;
			files = (
			);
			runOnlyForDeploymentPostprocessing = 0;
		};
		EFB955C12259ED9300BD74C0 /* Frameworks */ = {
			isa = PBXFrameworksBuildPhase;
			buildActionMask = 2147483647;
			files = (
			);
			runOnlyForDeploymentPostprocessing = 0;
		};
		EFB955CC2259ED9300BD74C0 /* Frameworks */ = {
			isa = PBXFrameworksBuildPhase;
			buildActionMask = 2147483647;
			files = (
			);
			runOnlyForDeploymentPostprocessing = 0;
		};
/* End PBXFrameworksBuildPhase section */

/* Begin PBXGroup section */
		EFB955A72259ED9200BD74C0 = {
			isa = PBXGroup;
			children = (
				EFB955B22259ED9200BD74C0 /* Colors */,
				EFB955C72259ED9300BD74C0 /* ColorsTests */,
				EFB955D22259ED9300BD74C0 /* ColorsUITests */,
				EFB955B12259ED9200BD74C0 /* Products */,
			);
			sourceTree = "<group>";
		};
		EFB955B12259ED9200BD74C0 /* Products */ = {
			isa = PBXGroup;
			children = (
				EFB955B02259ED9200BD74C0 /* Colors.app */,
				EFB955C42259ED9300BD74C0 /* ColorsTests.xctest */,
				EFB955CF2259ED9300BD74C0 /* ColorsUITests.xctest */,
			);
			name = Products;
			sourceTree = "<group>";
		};
		EFB955B22259ED9200BD74C0 /* Colors */ = {
			isa = PBXGroup;
			children = (
				EFB955B32259ED9200BD74C0 /* AppDelegate.swift */,
				EFB955B72259ED9200BD74C0 /* Main.storyboard */,
				EFB955BA2259ED9300BD74C0 /* Assets.xcassets */,
				EFB955BC2259ED9300BD74C0 /* LaunchScreen.storyboard */,
				EFB955BF2259ED9300BD74C0 /* Info.plist */,
				EFB955E12259EE3E00BD74C0 /* ColorsViewController.swift */,
			);
			path = Colors;
			sourceTree = "<group>";
		};
		EFB955C72259ED9300BD74C0 /* ColorsTests */ = {
			isa = PBXGroup;
			children = (
				EFB955C82259ED9300BD74C0 /* ColorsTests.swift */,
				EFB955CA2259ED9300BD74C0 /* Info.plist */,
			);
			path = ColorsTests;
			sourceTree = "<group>";
		};
		EFB955D22259ED9300BD74C0 /* ColorsUITests */ = {
			isa = PBXGroup;
			children = (
				EFB955D32259ED9300BD74C0 /* ColorsUITests.swift */,
				EFB955D52259ED9300BD74C0 /* Info.plist */,
			);
			path = ColorsUITests;
			sourceTree = "<group>";
		};
/* End PBXGroup section */

/* Begin PBXNativeTarget section */
		EFB955AF2259ED9200BD74C0 /* Colors */ = {
			isa = PBXNativeTarget;
			buildConfigurationList = EFB955D82259ED9300BD74C0 /* Build configuration list for PBXNativeTarget "Colors" */;
			buildPhases = (
				EFB955AC2259ED9200BD74C0 /* Sources */,
				EFB955AD2259ED9200BD74C0 /* Frameworks */,
				EFB955AE2259ED9200BD74C0 /* Resources */,
			);
			buildRules = (
			);
			dependencies = (
			);
			name = Colors;
			productName = Colors;
			productReference = EFB955B02259ED9200BD74C0 /* Colors.app */;
			productType = "com.apple.product-type.application";
		};
		EFB955C32259ED9300BD74C0 /* ColorsTests */ = {
			isa = PBXNativeTarget;
			buildConfigurationList = EFB955DB2259ED9300BD74C0 /* Build configuration list for PBXNativeTarget "ColorsTests" */;
			buildPhases = (
				EFB955C02259ED9300BD74C0 /* Sources */,
				EFB955C12259ED9300BD74C0 /* Frameworks */,
				EFB955C22259ED9300BD74C0 /* Resources */,
			);
			buildRules = (
			);
			dependencies = (
				EFB955C62259ED9300BD74C0 /* PBXTargetDependency */,
			);
			name = ColorsTests;
			productName = ColorsTests;
			productReference = EFB955C42259ED9300BD74C0 /* ColorsTests.xctest */;
			productType = "com.apple.product-type.bundle.unit-test";
		};
		EFB955CE2259ED9300BD74C0 /* ColorsUITests */ = {
			isa = PBXNativeTarget;
			buildConfigurationList = EFB955DE2259ED9300BD74C0 /* Build configuration list for PBXNativeTarget "ColorsUITests" */;
			buildPhases = (
				EFB955CB2259ED9300BD74C0 /* Sources */,
				EFB955CC2259ED9300BD74C0 /* Frameworks */,
				EFB955CD2259ED9300BD74C0 /* Resources */,
			);
			buildRules = (
			);
			dependencies = (
				EFB955D12259ED9300BD74C0 /* PBXTargetDependency */,
			);
			name = ColorsUITests;
			productName = ColorsUITests;
			productReference = EFB955CF2259ED9300BD74C0 /* ColorsUITests.xctest */;
			productType = "com.apple.product-type.bundle.ui-testing";
		};
/* End PBXNativeTarget section */

/* Begin PBXProject section */
		EFB955A82259ED9200BD74C0 /* Project object */ = {
			isa = PBXProject;
			attributes = {
				LastSwiftUpdateCheck = 1010;
				LastUpgradeCheck = 1010;
				ORGANIZATIONNAME = "Nicole Dillon";
				TargetAttributes = {
					EFB955AF2259ED9200BD74C0 = {
						CreatedOnToolsVersion = 10.1;
					};
					EFB955C32259ED9300BD74C0 = {
						CreatedOnToolsVersion = 10.1;
						TestTargetID = EFB955AF2259ED9200BD74C0;
					};
					EFB955CE2259ED9300BD74C0 = {
						CreatedOnToolsVersion = 10.1;
						TestTargetID = EFB955AF2259ED9200BD74C0;
					};
				};
			};
			buildConfigurationList = EFB955AB2259ED9200BD74C0 /* Build configuration list for PBXProject "Colors" */;
			compatibilityVersion = "Xcode 9.3";
			developmentRegion = en;
			hasScannedForEncodings = 0;
			knownRegions = (
				en,
				Base,
			);
			mainGroup = EFB955A72259ED9200BD74C0;
			productRefGroup = EFB955B12259ED9200BD74C0 /* Products */;
			projectDirPath = "";
			projectRoot = "";
			targets = (
				EFB955AF2259ED9200BD74C0 /* Colors */,
				EFB955C32259ED9300BD74C0 /* ColorsTests */,
				EFB955CE2259ED9300BD74C0 /* ColorsUITests */,
			);
		};
/* End PBXProject section */

/* Begin PBXResourcesBuildPhase section */
		EFB955AE2259ED9200BD74C0 /* Resources */ = {
			isa = PBXResourcesBuildPhase;
			buildActionMask = 2147483647;
			files = (
				EFB955BE2259ED9300BD74C0 /* LaunchScreen.storyboard in Resources */,
				EFB955BB2259ED9300BD74C0 /* Assets.xcassets in Resources */,
				EFB955B92259ED9200BD74C0 /* Main.storyboard in Resources */,
			);
			runOnlyForDeploymentPostprocessing = 0;
		};
		EFB955C22259ED9300BD74C0 /* Resources */ = {
			isa = PBXResourcesBuildPhase;
			buildActionMask = 2147483647;
			files = (
			);
			runOnlyForDeploymentPostprocessing = 0;
		};
		EFB955CD2259ED9300BD74C0 /* Resources */ = {
			isa = PBXResourcesBuildPhase;
			buildActionMask = 2147483647;
			files = (
			);
			runOnlyForDeploymentPostprocessing = 0;
		};
/* End PBXResourcesBuildPhase section */

/* Begin PBXSourcesBuildPhase section */
		EFB955AC2259ED9200BD74C0 /* Sources */ = {
			isa = PBXSourcesBuildPhase;
			buildActionMask = 2147483647;
			files = (
				EFB955E22259EE3E00BD74C0 /* ColorsViewController.swift in Sources */,
				EFB955B42259ED9200BD74C0 /* AppDelegate.swift in Sources */,
			);
			runOnlyForDeploymentPostprocessing = 0;
		};
		EFB955C02259ED9300BD74C0 /* Sources */ = {
			isa = PBXSourcesBuildPhase;
			buildActionMask = 2147483647;
			files = (
				EFB955C92259ED9300BD74C0 /* ColorsTests.swift in Sources */,
			);
			runOnlyForDeploymentPostprocessing = 0;
		};
		EFB955CB2259ED9300BD74C0 /* Sources */ = {
			isa = PBXSourcesBuildPhase;
			buildActionMask = 2147483647;
			files = (
				EFB955D42259ED9300BD74C0 /* ColorsUITests.swift in Sources */,
			);
			runOnlyForDeploymentPostprocessing = 0;
		};
/* End PBXSourcesBuildPhase section */

/* Begin PBXTargetDependency section */
		EFB955C62259ED9300BD74C0 /* PBXTargetDependency */ = {
			isa = PBXTargetDependency;
			target = EFB955AF2259ED9200BD74C0 /* Colors */;
			targetProxy = EFB955C52259ED9300BD74C0 /* PBXContainerItemProxy */;
		};
		EFB955D12259ED9300BD74C0 /* PBXTargetDependency */ = {
			isa = PBXTargetDependency;
			target = EFB955AF2259ED9200BD74C0 /* Colors */;
			targetProxy = EFB955D02259ED9300BD74C0 /* PBXContainerItemProxy */;
		};
/* End PBXTargetDependency section */

/* Begin PBXVariantGroup section */
		EFB955B72259ED9200BD74C0 /* Main.storyboard */ = {
			isa = PBXVariantGroup;
			children = (
				EFB955B82259ED9200BD74C0 /* Base */,
			);
			name = Main.storyboard;
			sourceTree = "<group>";
		};
		EFB955BC2259ED9300BD74C0 /* LaunchScreen.storyboard */ = {
			isa = PBXVariantGroup;
			children = (
				EFB955BD2259ED9300BD74C0 /* Base */,
			);
			name = LaunchScreen.storyboard;
			sourceTree = "<group>";
		};
/* End PBXVariantGroup section */

/* Begin XCBuildConfiguration section */
		EFB955D62259ED9300BD74C0 /* Debug */ = {
			isa = XCBuildConfiguration;
			buildSettings = {
				ALWAYS_SEARCH_USER_PATHS = NO;
				CLANG_ANALYZER_NONNULL = YES;
				CLANG_ANALYZER_NUMBER_OBJECT_CONVERSION = YES_AGGRESSIVE;
				CLANG_CXX_LANGUAGE_STANDARD = "gnu++14";
				CLANG_CXX_LIBRARY = "libc++";
				CLANG_ENABLE_MODULES = YES;
				CLANG_ENABLE_OBJC_ARC = YES;
				CLANG_ENABLE_OBJC_WEAK = YES;
				CLANG_WARN_BLOCK_CAPTURE_AUTORELEASING = YES;
				CLANG_WARN_BOOL_CONVERSION = YES;
				CLANG_WARN_COMMA = YES;
				CLANG_WARN_CONSTANT_CONVERSION = YES;
				CLANG_WARN_DEPRECATED_OBJC_IMPLEMENTATIONS = YES;
				CLANG_WARN_DIRECT_OBJC_ISA_USAGE = YES_ERROR;
				CLANG_WARN_DOCUMENTATION_COMMENTS = YES;
				CLANG_WARN_EMPTY_BODY = YES;
				CLANG_WARN_ENUM_CONVERSION = YES;
				CLANG_WARN_INFINITE_RECURSION = YES;
				CLANG_WARN_INT_CONVERSION = YES;
				CLANG_WARN_NON_LITERAL_NULL_CONVERSION = YES;
				CLANG_WARN_OBJC_IMPLICIT_RETAIN_SELF = YES;
				CLANG_WARN_OBJC_LITERAL_CONVERSION = YES;
				CLANG_WARN_OBJC_ROOT_CLASS = YES_ERROR;
				CLANG_WARN_RANGE_LOOP_ANALYSIS = YES;
				CLANG_WARN_STRICT_PROTOTYPES = YES;
				CLANG_WARN_SUSPICIOUS_MOVE = YES;
				CLANG_WARN_UNGUARDED_AVAILABILITY = YES_AGGRESSIVE;
				CLANG_WARN_UNREACHABLE_CODE = YES;
				CLANG_WARN__DUPLICATE_METHOD_MATCH = YES;
				CODE_SIGN_IDENTITY = "iPhone Developer";
				COPY_PHASE_STRIP = NO;
				DEBUG_INFORMATION_FORMAT = dwarf;
				ENABLE_STRICT_OBJC_MSGSEND = YES;
				ENABLE_TESTABILITY = YES;
				GCC_C_LANGUAGE_STANDARD = gnu11;
				GCC_DYNAMIC_NO_PIC = NO;
				GCC_NO_COMMON_BLOCKS = YES;
				GCC_OPTIMIZATION_LEVEL = 0;
				GCC_PREPROCESSOR_DEFINITIONS = (
					"DEBUG=1",
					"$(inherited)",
				);
				GCC_WARN_64_TO_32_BIT_CONVERSION = YES;
				GCC_WARN_ABOUT_RETURN_TYPE = YES_ERROR;
				GCC_WARN_UNDECLARED_SELECTOR = YES;
				GCC_WARN_UNINITIALIZED_AUTOS = YES_AGGRESSIVE;
				GCC_WARN_UNUSED_FUNCTION = YES;
				GCC_WARN_UNUSED_VARIABLE = YES;
				IPHONEOS_DEPLOYMENT_TARGET = 12.1;
				MTL_ENABLE_DEBUG_INFO = INCLUDE_SOURCE;
				MTL_FAST_MATH = YES;
				ONLY_ACTIVE_ARCH = YES;
				SDKROOT = iphoneos;
				SWIFT_ACTIVE_COMPILATION_CONDITIONS = DEBUG;
				SWIFT_OPTIMIZATION_LEVEL = "-Onone";
			};
			name = Debug;
		};
		EFB955D72259ED9300BD74C0 /* Release */ = {
			isa = XCBuildConfiguration;
			buildSettings = {
				ALWAYS_SEARCH_USER_PATHS = NO;
				CLANG_ANALYZER_NONNULL = YES;
				CLANG_ANALYZER_NUMBER_OBJECT_CONVERSION = YES_AGGRESSIVE;
				CLANG_CXX_LANGUAGE_STANDARD = "gnu++14";
				CLANG_CXX_LIBRARY = "libc++";
				CLANG_ENABLE_MODULES = YES;
				CLANG_ENABLE_OBJC_ARC = YES;
				CLANG_ENABLE_OBJC_WEAK = YES;
				CLANG_WARN_BLOCK_CAPTURE_AUTORELEASING = YES;
				CLANG_WARN_BOOL_CONVERSION = YES;
				CLANG_WARN_COMMA = YES;
				CLANG_WARN_CONSTANT_CONVERSION = YES;
				CLANG_WARN_DEPRECATED_OBJC_IMPLEMENTATIONS = YES;
				CLANG_WARN_DIRECT_OBJC_ISA_USAGE = YES_ERROR;
				CLANG_WARN_DOCUMENTATION_COMMENTS = YES;
				CLANG_WARN_EMPTY_BODY = YES;
				CLANG_WARN_ENUM_CONVERSION = YES;
				CLANG_WARN_INFINITE_RECURSION = YES;
				CLANG_WARN_INT_CONVERSION = YES;
				CLANG_WARN_NON_LITERAL_NULL_CONVERSION = YES;
				CLANG_WARN_OBJC_IMPLICIT_RETAIN_SELF = YES;
				CLANG_WARN_OBJC_LITERAL_CONVERSION = YES;
				CLANG_WARN_OBJC_ROOT_CLASS = YES_ERROR;
				CLANG_WARN_RANGE_LOOP_ANALYSIS = YES;
				CLANG_WARN_STRICT_PROTOTYPES = YES;
				CLANG_WARN_SUSPICIOUS_MOVE = YES;
				CLANG_WARN_UNGUARDED_AVAILABILITY = YES_AGGRESSIVE;
				CLANG_WARN_UNREACHABLE_CODE = YES;
				CLANG_WARN__DUPLICATE_METHOD_MATCH = YES;
				CODE_SIGN_IDENTITY = "iPhone Developer";
				COPY_PHASE_STRIP = NO;
				DEBUG_INFORMATION_FORMAT = "dwarf-with-dsym";
				ENABLE_NS_ASSERTIONS = NO;
				ENABLE_STRICT_OBJC_MSGSEND = YES;
				GCC_C_LANGUAGE_STANDARD = gnu11;
				GCC_NO_COMMON_BLOCKS = YES;
				GCC_WARN_64_TO_32_BIT_CONVERSION = YES;
				GCC_WARN_ABOUT_RETURN_TYPE = YES_ERROR;
				GCC_WARN_UNDECLARED_SELECTOR = YES;
				GCC_WARN_UNINITIALIZED_AUTOS = YES_AGGRESSIVE;
				GCC_WARN_UNUSED_FUNCTION = YES;
				GCC_WARN_UNUSED_VARIABLE = YES;
				IPHONEOS_DEPLOYMENT_TARGET = 12.1;
				MTL_ENABLE_DEBUG_INFO = NO;
				MTL_FAST_MATH = YES;
				SDKROOT = iphoneos;
				SWIFT_COMPILATION_MODE = wholemodule;
				SWIFT_OPTIMIZATION_LEVEL = "-O";
				VALIDATE_PRODUCT = YES;
			};
			name = Release;
		};
		EFB955D92259ED9300BD74C0 /* Debug */ = {
			isa = XCBuildConfiguration;
			buildSettings = {
				ASSETCATALOG_COMPILER_APPICON_NAME = AppIcon;
				CODE_SIGN_STYLE = Automatic;
				DEVELOPMENT_TEAM = 7WN4DA28AR;
				INFOPLIST_FILE = Colors/Info.plist;
				LD_RUNPATH_SEARCH_PATHS = (
					"$(inherited)",
					"@executable_path/Frameworks",
				);
				PRODUCT_BUNDLE_IDENTIFIER = edu.missouri.Colors;
				PRODUCT_NAME = "$(TARGET_NAME)";
				SWIFT_VERSION = 4.2;
				TARGETED_DEVICE_FAMILY = "1,2";
			};
			name = Debug;
		};
		EFB955DA2259ED9300BD74C0 /* Release */ = {
			isa = XCBuildConfiguration;
			buildSettings = {
				ASSETCATALOG_COMPILER_APPICON_NAME = AppIcon;
				CODE_SIGN_STYLE = Automatic;
				DEVELOPMENT_TEAM = 7WN4DA28AR;
				INFOPLIST_FILE = Colors/Info.plist;
				LD_RUNPATH_SEARCH_PATHS = (
					"$(inherited)",
					"@executable_path/Frameworks",
				);
				PRODUCT_BUNDLE_IDENTIFIER = edu.missouri.Colors;
				PRODUCT_NAME = "$(TARGET_NAME)";
				SWIFT_VERSION = 4.2;
				TARGETED_DEVICE_FAMILY = "1,2";
			};
			name = Release;
		};
		EFB955DC2259ED9300BD74C0 /* Debug */ = {
			isa = XCBuildConfiguration;
			buildSettings = {
				ALWAYS_EMBED_SWIFT_STANDARD_LIBRARIES = YES;
				BUNDLE_LOADER = "$(TEST_HOST)";
				CODE_SIGN_STYLE = Automatic;
				DEVELOPMENT_TEAM = 7WN4DA28AR;
				INFOPLIST_FILE = ColorsTests/Info.plist;
				LD_RUNPATH_SEARCH_PATHS = (
					"$(inherited)",
					"@executable_path/Frameworks",
					"@loader_path/Frameworks",
				);
				PRODUCT_BUNDLE_IDENTIFIER = edu.missouri.ColorsTests;
				PRODUCT_NAME = "$(TARGET_NAME)";
				SWIFT_VERSION = 4.2;
				TARGETED_DEVICE_FAMILY = "1,2";
				TEST_HOST = "$(BUILT_PRODUCTS_DIR)/Colors.app/Colors";
			};
			name = Debug;
		};
		EFB955DD2259ED9300BD74C0 /* Release */ = {
			isa = XCBuildConfiguration;
			buildSettings = {
				ALWAYS_EMBED_SWIFT_STANDARD_LIBRARIES = YES;
				BUNDLE_LOADER = "$(TEST_HOST)";
				CODE_SIGN_STYLE = Automatic;
				DEVELOPMENT_TEAM = 7WN4DA28AR;
				INFOPLIST_FILE = ColorsTests/Info.plist;
				LD_RUNPATH_SEARCH_PATHS = (
					"$(inherited)",
					"@executable_path/Frameworks",
					"@loader_path/Frameworks",
				);
				PRODUCT_BUNDLE_IDENTIFIER = edu.missouri.ColorsTests;
				PRODUCT_NAME = "$(TARGET_NAME)";
				SWIFT_VERSION = 4.2;
				TARGETED_DEVICE_FAMILY = "1,2";
				TEST_HOST = "$(BUILT_PRODUCTS_DIR)/Colors.app/Colors";
			};
			name = Release;
		};
		EFB955DF2259ED9300BD74C0 /* Debug */ = {
			isa = XCBuildConfiguration;
			buildSettings = {
				ALWAYS_EMBED_SWIFT_STANDARD_LIBRARIES = YES;
				CODE_SIGN_STYLE = Automatic;
				DEVELOPMENT_TEAM = 7WN4DA28AR;
				INFOPLIST_FILE = ColorsUITests/Info.plist;
				LD_RUNPATH_SEARCH_PATHS = (
					"$(inherited)",
					"@executable_path/Frameworks",
					"@loader_path/Frameworks",
				);
				PRODUCT_BUNDLE_IDENTIFIER = edu.missouri.ColorsUITests;
				PRODUCT_NAME = "$(TARGET_NAME)";
				SWIFT_VERSION = 4.2;
				TARGETED_DEVICE_FAMILY = "1,2";
				TEST_TARGET_NAME = Colors;
			};
			name = Debug;
		};
		EFB955E02259ED9300BD74C0 /* Release */ = {
			isa = XCBuildConfiguration;
			buildSettings = {
				ALWAYS_EMBED_SWIFT_STANDARD_LIBRARIES = YES;
				CODE_SIGN_STYLE = Automatic;
				DEVELOPMENT_TEAM = 7WN4DA28AR;
				INFOPLIST_FILE = ColorsUITests/Info.plist;
				LD_RUNPATH_SEARCH_PATHS = (
					"$(inherited)",
					"@executable_path/Frameworks",
					"@loader_path/Frameworks",
				);
				PRODUCT_BUNDLE_IDENTIFIER = edu.missouri.ColorsUITests;
				PRODUCT_NAME = "$(TARGET_NAME)";
				SWIFT_VERSION = 4.2;
				TARGETED_DEVICE_FAMILY = "1,2";
				TEST_TARGET_NAME = Colors;
			};
			name = Release;
		};
/* End XCBuildConfiguration section */

/* Begin XCConfigurationList section */
		EFB955AB2259ED9200BD74C0 /* Build configuration list for PBXProject "Colors" */ = {
			isa = XCConfigurationList;
			buildConfigurations = (
				EFB955D62259ED9300BD74C0 /* Debug */,
				EFB955D72259ED9300BD74C0 /* Release */,
			);
			defaultConfigurationIsVisible = 0;
			defaultConfigurationName = Release;
		};
		EFB955D82259ED9300BD74C0 /* Build configuration list for PBXNativeTarget "Colors" */ = {
			isa = XCConfigurationList;
			buildConfigurations = (
				EFB955D92259ED9300BD74C0 /* Debug */,
				EFB955DA2259ED9300BD74C0 /* Release */,
			);
			defaultConfigurationIsVisible = 0;
			defaultConfigurationName = Release;
		};
		EFB955DB2259ED9300BD74C0 /* Build configuration list for PBXNativeTarget "ColorsTests" */ = {
			isa = XCConfigurationList;
			buildConfigurations = (
				EFB955DC2259ED9300BD74C0 /* Debug */,
				EFB955DD2259ED9300BD74C0 /* Release */,
			);
			defaultConfigurationIsVisible = 0;
			defaultConfigurationName = Release;
		};
		EFB955DE2259ED9300BD74C0 /* Build configuration list for PBXNativeTarget "ColorsUITests" */ = {
			isa = XCConfigurationList;
			buildConfigurations = (
				EFB955DF2259ED9300BD74C0 /* Debug */,
				EFB955E02259ED9300BD74C0 /* Release */,
			);
			defaultConfigurationIsVisible = 0;
			defaultConfigurationName = Release;
		};
/* End XCConfigurationList section */
	};
	rootObject = EFB955A82259ED9200BD74C0 /* Project object */;
}
